
Microsoft Visual Studio Solution File, Format Version 12.00
# Visual Studio 15
VisualStudioVersion = 15.0.28307.168
MinimumVisualStudioVersion = 10.0.40219.1
Project("{8BC9CEB8-8B4A-11D0-8D11-00A0C91BC942}") = "InvoiceProcessor", "InvoiceProcessor\InvoiceProcessor.vcxproj", "{39AFE57D-9C0D-487E-9DF0-D374A9F8BD7A}"
EndProject
Global
	GlobalSection(SolutionConfigurationPlatforms) = preSolution
		Debug|x64 = Debug|x64
		Debug|x86 = Debug|x86
		Release|x64 = Release|x64
		Release|x86 = Release|x86
	EndGlobalSection
	GlobalSection(ProjectConfigurationPlatforms) = postSolution
		{39AFE57D-9C0D-487E-9DF0-D374A9F8BD7A}.Debug|x64.ActiveCfg = Debug|x64
		{39AFE57D-9C0D-487E-9DF0-D374A9F8BD7A}.Debug|x64.Build.0 = Debug|x64
		{39AFE57D-9C0D-487E-9DF0-D374A9F8BD7A}.Debug|x86.ActiveCfg = Debug|Win32
		{39AFE57D-9C0D-487E-9DF0-D374A9F8BD7A}.Debug|x86.Build.0 = Debug|Win32
		{39AFE57D-9C0D-487E-9DF0-D374A9F8BD7A}.Release|x64.ActiveCfg = Release|x64
		{39AFE57D-9C0D-487E-9DF0-D374A9F8BD7A}.Release|x64.Build.0 = Release|x64
		{39AFE57D-9C0D-487E-9DF0-D374A9F8BD7A}.Release|x86.ActiveCfg = Release|Win32
		{39AFE57D-9C0D-487E-9DF0-D374A9F8BD7A}.Release|x86.Build.0 = Release|Win32
	EndGlobalSection
	GlobalSection(SolutionProperties) = preSolution
		HideSolutionNode = FALSE
	EndGlobalSection
	GlobalSection(ExtensibilityGlobals) = postSolution
		SolutionGuid = {D3BDA891-D6A5-4CEF-B293-E1167CD5E414}
	EndGlobalSection
EndGlobal
